
Microsoft Visual Studio Solution File, Format Version 12.00
# Visual Studio Version 16
VisualStudioVersion = 16.0.32106.194
MinimumVisualStudioVersion = 10.0.40219.1
Project("{FAE04EC0-301F-11D3-BF4B-00C04F79EFBC}") = "ComapanyEmployee.Client", "ComapanyEmployee.Client\ComapanyEmployee.Client.csproj", "{B8241275-8F52-4478-9933-0D48CD07B9EF}"
EndProject
Global
	GlobalSection(SolutionConfigurationPlatforms) = preSolution
		Debug|Any CPU = Debug|Any CPU
		Release|Any CPU = Release|Any CPU
	EndGlobalSection
	GlobalSection(ProjectConfigurationPlatforms) = postSolution
		{B8241275-8F52-4478-9933-0D48CD07B9EF}.Debug|Any CPU.ActiveCfg = Debug|Any CPU
		{B8241275-8F52-4478-9933-0D48CD07B9EF}.Debug|Any CPU.Build.0 = Debug|Any CPU
		{B8241275-8F52-4478-9933-0D48CD07B9EF}.Release|Any CPU.ActiveCfg = Release|Any CPU
		{B8241275-8F52-4478-9933-0D48CD07B9EF}.Release|Any CPU.Build.0 = Release|Any CPU
	EndGlobalSection
	GlobalSection(SolutionProperties) = preSolution
		HideSolutionNode = FALSE
	EndGlobalSection
	GlobalSection(ExtensibilityGlobals) = postSolution
		SolutionGuid = {21607D0C-B41A-4ECE-94C1-2D6CFB911E52}
	EndGlobalSection
EndGlobal
